{
  "nodes": {
    "agenix": {
      "inputs": {
        "nixpkgs": [
          "nixpkgs"
        ]
      },
      "locked": {
        "lastModified": 1790734419,
        "narHash": "sha256-n7wew722m1OTBT9DOIMxNX/NF4zfsSUABAO5eW3wikE=",
        "owner": "ryantm",
        "repo": "agenix",
        "rev": "3daa710894355fa2fad8243380af373a2b4046ef",
        "type": "github"
      },
      "original": {
        "owner": "ryantm",
        "repo": "agenix",
        "type": "github"
      }
    },
    "brew-src": {
      "flake": false,
      "locked": {
        "lastModified": 1789661079,
        "narHash": "sha256-geVTQ51PGZ1mLULM5k7wO7qt/6xenOR/YG8X7Q3eCaI=",
        "owner": "Homebrew",
        "repo": "brew",
        "rev": "edb70f031e4170c780799633a1226ff73e1077f4",
        "type": "github"
      },
      "original": {
        "owner": "Homebrew",
        "ref": "7.0.4",
        "repo": "brew",
        "type": "github"
      }
    },
    "home-manager": {
      "inputs": {
        "nixpkgs": [
          "nixpkgs"
        ]
      },
      "locked": {
        "lastModified": 1791306979,
        "narHash": "sha256-KuLePuhwJM9NLt/gTLHzXaOoSZKGoB3m7NfXjiQ98HY=",
        "owner": "nix-community",
        "repo": "home-manager",
        "rev": "fae6e9e42c3b762ab47635cddcfaf6f52374a61b",
        "type": "github"
      },
      "original": {
        "owner": "nix-community",
        "repo": "home-manager",
        "type": "github"
      }
    },
    "homebrew-bundle": {
      "flake": false,
      "locked": {
        "lastModified": 1745335228,
        "narHash": "sha256-TIKR2UgtyUmHLNZp255/vLs+1I10hXe+sciMEbAGFwE=",
        "owner": "homebrew",
        "repo": "homebrew-bundle",
        "rev": "a3265c84b232e13048ecbf6fc18a2eedfadbeb08",
        "type": "github"
      },
      "original": {
        "owner": "homebrew",
        "repo": "homebrew-bundle",
        "type": "github"
      }
    },
    "homebrew-cask": {
      "flake": false,
      "locked": {
        "lastModified": 1791453730,
        "narHash": "sha256-bOsGRghuFXPlPEhXYG56SGj0on9mepbUvsqaac7e1/s=",
        "owner": "homebrew",
        "repo": "homebrew-cask",
        "rev": "b914242d21281908e515ba16f3ecad7a0cf270ff",
        "type": "github"
      },
      "original": {
        "owner": "homebrew",
        "repo": "homebrew-cask",
        "type": "github"
      }
    },
    "homebrew-core": {
      "flake": false,
      "locked": {
        "lastModified": 1791452044,
        "narHash": "sha256-JXfZGyGrrLr3Jmevy3zv3G3bd8iVLehPJ6vsx+p8X5o=",
        "owner": "homebrew",
        "repo": "homebrew-core",
        "rev": "3580efd52d92c2e3c3da5b9c79553f6e88002426",
        "type": "github"
      },
      "original": {
        "owner": "homebrew",
        "repo": "homebrew-core",
        "type": "github"
      }
    },
    "nix-darwin": {
      "inputs": {
        "nixpkgs": [
          "nixpkgs"
        ]
      },
      "locked": {
        "lastModified": 1786845137,
        "narHash": "sha256-oQFip+v0luP8NIxJzmiW4Wu8bILsbFWom5l0zonl8hQ=",
        "owner": "LnL7",
        "repo": "nix-darwin",
        "rev": "4cff07de74b50e64bdd68cd4e722ab5b6b35ee48",
        "type": "github"
      },
      "original": {
        "owner": "LnL7",
        "repo": "nix-darwin",
        "type": "github"
      }
    },
    "nix-homebrew": {
      "inputs": {
        "brew-src": "brew-src"
      },
      "locked": {
        "lastModified": 1789928041,
        "narHash": "sha256-iV37ieTcE4ZLOYEe0VznW6dWMBe4lEL8AbK1vblyZGM=",
        "owner": "zhaofengli-wip",
        "repo": "nix-homebrew",
        "rev": "c11cccfdd36dd69b5323d70d354b2853379c2426",
        "type": "github"
      },
      "original": {
        "owner": "zhaofengli-wip",
        "repo": "nix-homebrew",
        "type": "github"
      }
    },
    "nixpkgs": {
      "locked": {
        "lastModified": 1791260994,
        "narHash": "sha256-Miqqk/ammqnTUxaoCyvtwoPeLbI1ksFyLxi/CazZpWY=",
        "owner": "NixOS",
        "repo": "nixpkgs",
        "rev": "151fa4e8ddfdd8dd25d945ad94ed54a13de9f6e4",
        "type": "github"
      },
      "original": {
        "owner": "NixOS",
        "ref": "nixos-unstable",
        "repo": "nixpkgs",
        "type": "github"
      }
    },
    "osx-cross-arm": {
      "flake": false,
      "locked": {
        "lastModified": 1773151057,
        "narHash": "sha256-iRN00UzY6X0qmXHGGcH+Vt46DLpnhCEMQfy+EeasaUg=",
        "owner": "osx-cross",
        "repo": "homebrew-arm",
        "rev": "e3bb686fb159097c2fb3ee6d1acb3f7e4dd8a184",
        "type": "github"
      },
      "original": {
        "owner": "osx-cross",
        "repo": "homebrew-arm",
        "type": "github"
      }
    },
    "osx-cross-avr": {
      "flake": false,
      "locked": {
        "lastModified": 1790021359,
        "narHash": "sha256-ZfVsMh19787Bot+oTVHEFjBiO6NJ9kKmORpjvQTFZmg=",
        "owner": "osx-cross",
        "repo": "homebrew-avr",
        "rev": "b852d5c18ce6401c275e421dc64c4e472c276a86",
        "type": "github"
      },
      "original": {
        "owner": "osx-cross",
        "repo": "homebrew-avr",
        "type": "github"
      }
    },
    "qmk-qmk": {
      "flake": false,
      "locked": {
        "lastModified": 1748439839,
        "narHash": "sha256-3NgFhROf7Eb/tMLj7lC3s1pFqViEevMzw4X6XAazfNo=",
        "owner": "qmk",
        "repo": "homebrew-qmk",
        "rev": "e4d46a447766bd02c12a2b8824bb787fee1e9ccc",
        "type": "github"
      },
      "original": {
        "owner": "qmk",
        "repo": "homebrew-qmk",
        "type": "github"
      }
    },
    "root": {
      "inputs": {
        "agenix": "agenix",
        "home-manager": "home-manager",
        "homebrew-bundle": "homebrew-bundle",
        "homebrew-cask": "homebrew-cask",
        "homebrew-core": "homebrew-core",
        "nix-darwin": "nix-darwin",
        "nix-homebrew": "nix-homebrew",
        "nixpkgs": "nixpkgs",
        "osx-cross-arm": "osx-cross-arm",
        "osx-cross-avr": "osx-cross-avr",
        "qmk-qmk": "qmk-qmk"
      }
    }
  },
  "root": "root",
  "version": 7
}
